
Microsoft Visual Studio Solution File, Format Version 12.00
# Visual Studio 14
VisualStudioVersion = 14.0.25420.1
MinimumVisualStudioVersion = 10.0.40219.1
Project("{FAE04EC0-301F-11D3-BF4B-00C04F79EFBC}") = "TwitterSearchLib", "K:\TwitterSearchLib\TwitterSearchLib\TwitterSearchLib.csproj", "{63FBF746-342F-4291-B7F4-128CCD279B8F}"
EndProject
Project("{FAE04EC0-301F-11D3-BF4B-00C04F79EFBC}") = "test", "K:\TwitterSearchLib\ConsoleApplication2\test.csproj", "{BDC8C4C1-3252-493A-9FCB-4BA3574CE030}"
EndProject
Project("{FAE04EC0-301F-11D3-BF4B-00C04F79EFBC}") = "SearchWeb", "K:\TwitterSearchLib\SearchWeb\SearchWeb.csproj", "{DAE18B4E-3D56-4B6D-A882-FFABE68F025A}"
EndProject
Project("{2150E333-8FDC-42A3-9474-1A3956D46DE8}") = "Solution Items", "Solution Items", "{14B06024-5B41-4973-95FC-B9990B4AA199}"
	ProjectSection(SolutionItems) = preProject
		K:\TwitterSearchLib\TextFile1.txt = K:\TwitterSearchLib\TextFile1.txt
	EndProjectSection
EndProject
Global
	GlobalSection(SolutionConfigurationPlatforms) = preSolution
		Debug|Any CPU = Debug|Any CPU
		Release|Any CPU = Release|Any CPU
	EndGlobalSection
	GlobalSection(ProjectConfigurationPlatforms) = postSolution
		{63FBF746-342F-4291-B7F4-128CCD279B8F}.Debug|Any CPU.ActiveCfg = Debug|Any CPU
		{63FBF746-342F-4291-B7F4-128CCD279B8F}.Debug|Any CPU.Build.0 = Debug|Any CPU
		{63FBF746-342F-4291-B7F4-128CCD279B8F}.Release|Any CPU.ActiveCfg = Release|Any CPU
		{63FBF746-342F-4291-B7F4-128CCD279B8F}.Release|Any CPU.Build.0 = Release|Any CPU
		{BDC8C4C1-3252-493A-9FCB-4BA3574CE030}.Debug|Any CPU.ActiveCfg = Debug|Any CPU
		{BDC8C4C1-3252-493A-9FCB-4BA3574CE030}.Debug|Any CPU.Build.0 = Debug|Any CPU
		{BDC8C4C1-3252-493A-9FCB-4BA3574CE030}.Release|Any CPU.ActiveCfg = Release|Any CPU
		{BDC8C4C1-3252-493A-9FCB-4BA3574CE030}.Release|Any CPU.Build.0 = Release|Any CPU
		{DAE18B4E-3D56-4B6D-A882-FFABE68F025A}.Debug|Any CPU.ActiveCfg = Debug|Any CPU
		{DAE18B4E-3D56-4B6D-A882-FFABE68F025A}.Debug|Any CPU.Build.0 = Debug|Any CPU
		{DAE18B4E-3D56-4B6D-A882-FFABE68F025A}.Release|Any CPU.ActiveCfg = Release|Any CPU
		{DAE18B4E-3D56-4B6D-A882-FFABE68F025A}.Release|Any CPU.Build.0 = Release|Any CPU
	EndGlobalSection
	GlobalSection(SolutionProperties) = preSolution
		HideSolutionNode = FALSE
	EndGlobalSection
EndGlobal
